
Microsoft Visual Studio Solution File, Format Version 12.00
Project("{FAE04EC0-301F-11D3-BF4B-00C04F79EFBC}") = "Backend", "Backend.csproj", "{BCF62D47-68E6-44E3-9CCD-DA1A54B9674E}"
EndProject
Global
	GlobalSection(SolutionConfigurationPlatforms) = preSolution
		Debug|Any CPU = Debug|Any CPU
		Release|Any CPU = Release|Any CPU
	EndGlobalSection
	GlobalSection(ProjectConfigurationPlatforms) = postSolution
		{BCF62D47-68E6-44E3-9CCD-DA1A54B9674E}.Debug|Any CPU.ActiveCfg = Debug|Any CPU
		{BCF62D47-68E6-44E3-9CCD-DA1A54B9674E}.Debug|Any CPU.Build.0 = Debug|Any CPU
		{BCF62D47-68E6-44E3-9CCD-DA1A54B9674E}.Release|Any CPU.ActiveCfg = Release|Any CPU
		{BCF62D47-68E6-44E3-9CCD-DA1A54B9674E}.Release|Any CPU.Build.0 = Release|Any CPU
	EndGlobalSection
EndGlobal
